
Microsoft Visual Studio Solution File, Format Version 12.00
# Visual Studio 2012
Project("{FAE04EC0-301F-11D3-BF4B-00C04F79EFBC}") = "ConsoleApplicationOnGitHub", "ConsoleApplicationOnGitHub\ConsoleApplicationOnGitHub.csproj", "{2CDB2B86-4573-4663-BFCC-639E853D43DC}"
EndProject
Global
	GlobalSection(SolutionConfigurationPlatforms) = preSolution
		Debug|Any CPU = Debug|Any CPU
		Release|Any CPU = Release|Any CPU
	EndGlobalSection
	GlobalSection(ProjectConfigurationPlatforms) = postSolution
		{2CDB2B86-4573-4663-BFCC-639E853D43DC}.Debug|Any CPU.ActiveCfg = Debug|Any CPU
		{2CDB2B86-4573-4663-BFCC-639E853D43DC}.Debug|Any CPU.Build.0 = Debug|Any CPU
		{2CDB2B86-4573-4663-BFCC-639E853D43DC}.Release|Any CPU.ActiveCfg = Release|Any CPU
		{2CDB2B86-4573-4663-BFCC-639E853D43DC}.Release|Any CPU.Build.0 = Release|Any CPU
	EndGlobalSection
	GlobalSection(SolutionProperties) = preSolution
		HideSolutionNode = FALSE
	EndGlobalSection
EndGlobal
